
Microsoft Visual Studio Solution File, Format Version 12.00
# Visual Studio Version 17
VisualStudioVersion = 17.9.34723.18
MinimumVisualStudioVersion = 10.0.40219.1
Project("{FAE04EC0-301F-11D3-BF4B-00C04F79EFBC}") = "ClassesE", "ClassesE.csproj", "{FEE7DC41-DFE3-4DCC-8B4C-CF214CC8BFEE}"
EndProject
Global
	GlobalSection(SolutionConfigurationPlatforms) = preSolution
		Debug|Any CPU = Debug|Any CPU
		Release|Any CPU = Release|Any CPU
	EndGlobalSection
	GlobalSection(ProjectConfigurationPlatforms) = postSolution
		{FEE7DC41-DFE3-4DCC-8B4C-CF214CC8BFEE}.Debug|Any CPU.ActiveCfg = Debug|Any CPU
		{FEE7DC41-DFE3-4DCC-8B4C-CF214CC8BFEE}.Debug|Any CPU.Build.0 = Debug|Any CPU
		{FEE7DC41-DFE3-4DCC-8B4C-CF214CC8BFEE}.Release|Any CPU.ActiveCfg = Release|Any CPU
		{FEE7DC41-DFE3-4DCC-8B4C-CF214CC8BFEE}.Release|Any CPU.Build.0 = Release|Any CPU
	EndGlobalSection
	GlobalSection(SolutionProperties) = preSolution
		HideSolutionNode = FALSE
	EndGlobalSection
	GlobalSection(ExtensibilityGlobals) = postSolution
		SolutionGuid = {96F32625-AEA5-45F7-AADF-4C7293D3ABA5}
	EndGlobalSection
EndGlobal
